// !$*UTF8*$!
{
	archiveVersion = 1;
	classes = {
	};
	objectVersion = 56;
	objects = {

/* Begin PBXBuildFile section */
		2D3DC5D02C45D863002038FA /* AppDelegate.swift in Sources */ = {isa = PBXBuildFile; fileRef = 2D3DC5CF2C45D863002038FA /* AppDelegate.swift */; };
		2D3DC5D22C45D863002038FA /* SceneDelegate.swift in Sources */ = {isa = PBXBuildFile; fileRef = 2D3DC5D12C45D863002038FA /* SceneDelegate.swift */; };
		2D3DC5D42C45D863002038FA /* ViewController.swift in Sources */ = {isa = PBXBuildFile; fileRef = 2D3DC5D32C45D863002038FA /* ViewController.swift */; };
		2D3DC5D72C45D863002038FA /* Main.storyboard in Resources */ = {isa = PBXBuildFile; fileRef = 2D3DC5D52C45D863002038FA /* Main.storyboard */; };
		2D3DC5D92C45D865002038FA /* Assets.xcassets in Resources */ = {isa = PBXBuildFile; fileRef = 2D3DC5D82C45D865002038FA /* Assets.xcassets */; };
		2D3DC5DC2C45D865002038FA /* LaunchScreen.storyboard in Resources */ = {isa = PBXBuildFile; fileRef = 2D3DC5DA2C45D865002038FA /* LaunchScreen.storyboard */; };
		2D3DC5E72C45D865002038FA /* weatherTests.swift in Sources */ = {isa = PBXBuildFile; fileRef = 2D3DC5E62C45D865002038FA /* weatherTests.swift */; };
		2D3DC5F12C45D865002038FA /* weatherUITests.swift in Sources */ = {isa = PBXBuildFile; fileRef = 2D3DC5F02C45D865002038FA /* weatherUITests.swift */; };
		2D3DC5F32C45D865002038FA /* weatherUITestsLaunchTests.swift in Sources */ = {isa = PBXBuildFile; fileRef = 2D3DC5F22C45D865002038FA /* weatherUITestsLaunchTests.swift */; };
		2D3DC6002C45D890002038FA /* TrackWeather.swift in Sources */ = {isa = PBXBuildFile; fileRef = 2D3DC5FF2C45D890002038FA /* TrackWeather.swift */; };
/* End PBXBuildFile section */

/* Begin PBXContainerItemProxy section */
		2D3DC5E32C45D865002038FA /* PBXContainerItemProxy */ = {
			isa = PBXContainerItemProxy;
			containerPortal = 2D3DC5C42C45D863002038FA /* Project object */;
			proxyType = 1;
			remoteGlobalIDString = 2D3DC5CB2C45D863002038FA;
			remoteInfo = weather;
		};
		2D3DC5ED2C45D865002038FA /* PBXContainerItemProxy */ = {
			isa = PBXContainerItemProxy;
			containerPortal = 2D3DC5C42C45D863002038FA /* Project object */;
			proxyType = 1;
			remoteGlobalIDString = 2D3DC5CB2C45D863002038FA;
			remoteInfo = weather;
		};
/* End PBXContainerItemProxy section */

/* Begin PBXFileReference section */
		2D3DC5CC2C45D863002038FA /* weather.app */ = {isa = PBXFileReference; explicitFileType = wrapper.application; includeInIndex = 0; path = weather.app; sourceTree = BUILT_PRODUCTS_DIR; };
		2D3DC5CF2C45D863002038FA /* AppDelegate.swift */ = {isa = PBXFileReference; lastKnownFileType = sourcecode.swift; path = AppDelegate.swift; sourceTree = "<group>"; };
		2D3DC5D12C45D863002038FA /* SceneDelegate.swift */ = {isa = PBXFileReference; lastKnownFileType = sourcecode.swift; path = SceneDelegate.swift; sourceTree = "<group>"; };
		2D3DC5D32C45D863002038FA /* ViewController.swift */ = {isa = PBXFileReference; lastKnownFileType = sourcecode.swift; path = ViewController.swift; sourceTree = "<group>"; };
		2D3DC5D62C45D863002038FA /* Base */ = {isa = PBXFileReference; lastKnownFileType = file.storyboard; name = Base; path = Base.lproj/Main.storyboard; sourceTree = "<group>"; };
		2D3DC5D82C45D865002038FA /* Assets.xcassets */ = {isa = PBXFileReference; lastKnownFileType = folder.assetcatalog; path = Assets.xcassets; sourceTree = "<group>"; };
		2D3DC5DB2C45D865002038FA /* Base */ = {isa = PBXFileReference; lastKnownFileType = file.storyboard; name = Base; path = Base.lproj/LaunchScreen.storyboard; sourceTree = "<group>"; };
		2D3DC5DD2C45D865002038FA /* Info.plist */ = {isa = PBXFileReference; lastKnownFileType = text.plist.xml; path = Info.plist; sourceTree = "<group>"; };
		2D3DC5E22C45D865002038FA /* weatherTests.xctest */ = {isa = PBXFileReference; explicitFileType = wrapper.cfbundle; includeInIndex = 0; path = weatherTests.xctest; sourceTree = BUILT_PRODUCTS_DIR; };
		2D3DC5E62C45D865002038FA /* weatherTests.swift */ = {isa = PBXFileReference; lastKnownFileType = sourcecode.swift; path = weatherTests.swift; sourceTree = "<group>"; };
		2D3DC5EC2C45D865002038FA /* weatherUITests.xctest */ = {isa = PBXFileReference; explicitFileType = wrapper.cfbundle; includeInIndex = 0; path = weatherUITests.xctest; sourceTree = BUILT_PRODUCTS_DIR; };
		2D3DC5F02C45D865002038FA /* weatherUITests.swift */ = {isa = PBXFileReference; lastKnownFileType = sourcecode.swift; path = weatherUITests.swift; sourceTree = "<group>"; };
		2D3DC5F22C45D865002038FA /* weatherUITestsLaunchTests.swift */ = {isa = PBXFileReference; lastKnownFileType = sourcecode.swift; path = weatherUITestsLaunchTests.swift; sourceTree = "<group>"; };
		2D3DC5FF2C45D890002038FA /* TrackWeather.swift */ = {isa = PBXFileReference; lastKnownFileType = sourcecode.swift; path = TrackWeather.swift; sourceTree = "<group>"; };
/* End PBXFileReference section */

/* Begin PBXFrameworksBuildPhase section */
		2D3DC5C92C45D863002038FA /* Frameworks */ = {
			isa = PBXFrameworksBuildPhase;
			buildActionMask = 2147483647;
			files = (
			);
			runOnlyForDeploymentPostprocessing = 0;
		};
		2D3DC5DF2C45D865002038FA /* Frameworks */ = {
			isa = PBXFrameworksBuildPhase;
			buildActionMask = 2147483647;
			files = (
			);
			runOnlyForDeploymentPostprocessing = 0;
		};
		2D3DC5E92C45D865002038FA /* Frameworks */ = {
			isa = PBXFrameworksBuildPhase;
			buildActionMask = 2147483647;
			files = (
			);
			runOnlyForDeploymentPostprocessing = 0;
		};
/* End PBXFrameworksBuildPhase section */

/* Begin PBXGroup section */
		2D3DC5C32C45D863002038FA = {
			isa = PBXGroup;
			children = (
				2D3DC5CE2C45D863002038FA /* weather */,
				2D3DC5E52C45D865002038FA /* weatherTests */,
				2D3DC5EF2C45D865002038FA /* weatherUITests */,
				2D3DC5CD2C45D863002038FA /* Products */,
			);
			sourceTree = "<group>";
		};
		2D3DC5CD2C45D863002038FA /* Products */ = {
			isa = PBXGroup;
			children = (
				2D3DC5CC2C45D863002038FA /* weather.app */,
				2D3DC5E22C45D865002038FA /* weatherTests.xctest */,
				2D3DC5EC2C45D865002038FA /* weatherUITests.xctest */,
			);
			name = Products;
			sourceTree = "<group>";
		};
		2D3DC5CE2C45D863002038FA /* weather */ = {
			isa = PBXGroup;
			children = (
				2D3DC5CF2C45D863002038FA /* AppDelegate.swift */,
				2D3DC5D12C45D863002038FA /* SceneDelegate.swift */,
				2D3DC5D32C45D863002038FA /* ViewController.swift */,
				2D3DC5D52C45D863002038FA /* Main.storyboard */,
				2D3DC5D82C45D865002038FA /* Assets.xcassets */,
				2D3DC5DA2C45D865002038FA /* LaunchScreen.storyboard */,
				2D3DC5DD2C45D865002038FA /* Info.plist */,
				2D3DC5FF2C45D890002038FA /* TrackWeather.swift */,
			);
			path = weather;
			sourceTree = "<group>";
		};
		2D3DC5E52C45D865002038FA /* weatherTests */ = {
			isa = PBXGroup;
			children = (
				2D3DC5E62C45D865002038FA /* weatherTests.swift */,
			);
			path = weatherTests;
			sourceTree = "<group>";
		};
		2D3DC5EF2C45D865002038FA /* weatherUITests */ = {
			isa = PBXGroup;
			children = (
				2D3DC5F02C45D865002038FA /* weatherUITests.swift */,
				2D3DC5F22C45D865002038FA /* weatherUITestsLaunchTests.swift */,
			);
			path = weatherUITests;
			sourceTree = "<group>";
		};
/* End PBXGroup section */

/* Begin PBXNativeTarget section */
		2D3DC5CB2C45D863002038FA /* weather */ = {
			isa = PBXNativeTarget;
			buildConfigurationList = 2D3DC5F62C45D865002038FA /* Build configuration list for PBXNativeTarget "weather" */;
			buildPhases = (
				2D3DC5C82C45D863002038FA /* Sources */,
				2D3DC5C92C45D863002038FA /* Frameworks */,
				2D3DC5CA2C45D863002038FA /* Resources */,
			);
			buildRules = (
			);
			dependencies = (
			);
			name = weather;
			productName = weather;
			productReference = 2D3DC5CC2C45D863002038FA /* weather.app */;
			productType = "com.apple.product-type.application";
		};
		2D3DC5E12C45D865002038FA /* weatherTests */ = {
			isa = PBXNativeTarget;
			buildConfigurationList = 2D3DC5F92C45D865002038FA /* Build configuration list for PBXNativeTarget "weatherTests" */;
			buildPhases = (
				2D3DC5DE2C45D865002038FA /* Sources */,
				2D3DC5DF2C45D865002038FA /* Frameworks */,
				2D3DC5E02C45D865002038FA /* Resources */,
			);
			buildRules = (
			);
			dependencies = (
				2D3DC5E42C45D865002038FA /* PBXTargetDependency */,
			);
			name = weatherTests;
			productName = weatherTests;
			productReference = 2D3DC5E22C45D865002038FA /* weatherTests.xctest */;
			productType = "com.apple.product-type.bundle.unit-test";
		};
		2D3DC5EB2C45D865002038FA /* weatherUITests */ = {
			isa = PBXNativeTarget;
			buildConfigurationList = 2D3DC5FC2C45D865002038FA /* Build configuration list for PBXNativeTarget "weatherUITests" */;
			buildPhases = (
				2D3DC5E82C45D865002038FA /* Sources */,
				2D3DC5E92C45D865002038FA /* Frameworks */,
				2D3DC5EA2C45D865002038FA /* Resources */,
			);
			buildRules = (
			);
			dependencies = (
				2D3DC5EE2C45D865002038FA /* PBXTargetDependency */,
			);
			name = weatherUITests;
			productName = weatherUITests;
			productReference = 2D3DC5EC2C45D865002038FA /* weatherUITests.xctest */;
			productType = "com.apple.product-type.bundle.ui-testing";
		};
/* End PBXNativeTarget section */

/* Begin PBXProject section */
		2D3DC5C42C45D863002038FA /* Project object */ = {
			isa = PBXProject;
			attributes = {
				BuildIndependentTargetsInParallel = 1;
				LastSwiftUpdateCheck = 1420;
				LastUpgradeCheck = 1420;
				TargetAttributes = {
					2D3DC5CB2C45D863002038FA = {
						CreatedOnToolsVersion = 14.2;
					};
					2D3DC5E12C45D865002038FA = {
						CreatedOnToolsVersion = 14.2;
						TestTargetID = 2D3DC5CB2C45D863002038FA;
					};
					2D3DC5EB2C45D865002038FA = {
						CreatedOnToolsVersion = 14.2;
						TestTargetID = 2D3DC5CB2C45D863002038FA;
					};
				};
			};
			buildConfigurationList = 2D3DC5C72C45D863002038FA /* Build configuration list for PBXProject "weather" */;
			compatibilityVersion = "Xcode 14.0";
			developmentRegion = en;
			hasScannedForEncodings = 0;
			knownRegions = (
				en,
				Base,
			);
			mainGroup = 2D3DC5C32C45D863002038FA;
			productRefGroup = 2D3DC5CD2C45D863002038FA /* Products */;
			projectDirPath = "";
			projectRoot = "";
			targets = (
				2D3DC5CB2C45D863002038FA /* weather */,
				2D3DC5E12C45D865002038FA /* weatherTests */,
				2D3DC5EB2C45D865002038FA /* weatherUITests */,
			);
		};
/* End PBXProject section */

/* Begin PBXResourcesBuildPhase section */
		2D3DC5CA2C45D863002038FA /* Resources */ = {
			isa = PBXResourcesBuildPhase;
			buildActionMask = 2147483647;
			files = (
				2D3DC5DC2C45D865002038FA /* LaunchScreen.storyboard in Resources */,
				2D3DC5D92C45D865002038FA /* Assets.xcassets in Resources */,
				2D3DC5D72C45D863002038FA /* Main.storyboard in Resources */,
			);
			runOnlyForDeploymentPostprocessing = 0;
		};
		2D3DC5E02C45D865002038FA /* Resources */ = {
			isa = PBXResourcesBuildPhase;
			buildActionMask = 2147483647;
			files = (
			);
			runOnlyForDeploymentPostprocessing = 0;
		};
		2D3DC5EA2C45D865002038FA /* Resources */ = {
			isa = PBXResourcesBuildPhase;
			buildActionMask = 2147483647;
			files = (
			);
			runOnlyForDeploymentPostprocessing = 0;
		};
/* End PBXResourcesBuildPhase section */

/* Begin PBXSourcesBuildPhase section */
		2D3DC5C82C45D863002038FA /* Sources */ = {
			isa = PBXSourcesBuildPhase;
			buildActionMask = 2147483647;
			files = (
				2D3DC5D42C45D863002038FA /* ViewController.swift in Sources */,
				2D3DC5D02C45D863002038FA /* AppDelegate.swift in Sources */,
				2D3DC6002C45D890002038FA /* TrackWeather.swift in Sources */,
				2D3DC5D22C45D863002038FA /* SceneDelegate.swift in Sources */,
			);
			runOnlyForDeploymentPostprocessing = 0;
		};
		2D3DC5DE2C45D865002038FA /* Sources */ = {
			isa = PBXSourcesBuildPhase;
			buildActionMask = 2147483647;
			files = (
				2D3DC5E72C45D865002038FA /* weatherTests.swift in Sources */,
			);
			runOnlyForDeploymentPostprocessing = 0;
		};
		2D3DC5E82C45D865002038FA /* Sources */ = {
			isa = PBXSourcesBuildPhase;
			buildActionMask = 2147483647;
			files = (
				2D3DC5F12C45D865002038FA /* weatherUITests.swift in Sources */,
				2D3DC5F32C45D865002038FA /* weatherUITestsLaunchTests.swift in Sources */,
			);
			runOnlyForDeploymentPostprocessing = 0;
		};
/* End PBXSourcesBuildPhase section */

/* Begin PBXTargetDependency section */
		2D3DC5E42C45D865002038FA /* PBXTargetDependency */ = {
			isa = PBXTargetDependency;
			target = 2D3DC5CB2C45D863002038FA /* weather */;
			targetProxy = 2D3DC5E32C45D865002038FA /* PBXContainerItemProxy */;
		};
		2D3DC5EE2C45D865002038FA /* PBXTargetDependency */ = {
			isa = PBXTargetDependency;
			target = 2D3DC5CB2C45D863002038FA /* weather */;
			targetProxy = 2D3DC5ED2C45D865002038FA /* PBXContainerItemProxy */;
		};
/* End PBXTargetDependency section */

/* Begin PBXVariantGroup section */
		2D3DC5D52C45D863002038FA /* Main.storyboard */ = {
			isa = PBXVariantGroup;
			children = (
				2D3DC5D62C45D863002038FA /* Base */,
			);
			name = Main.storyboard;
			sourceTree = "<group>";
		};
		2D3DC5DA2C45D865002038FA /* LaunchScreen.storyboard */ = {
			isa = PBXVariantGroup;
			children = (
				2D3DC5DB2C45D865002038FA /* Base */,
			);
			name = LaunchScreen.storyboard;
			sourceTree = "<group>";
		};
/* End PBXVariantGroup section */

/* Begin XCBuildConfiguration section */
		2D3DC5F42C45D865002038FA /* Debug */ = {
			isa = XCBuildConfiguration;
			buildSettings = {
				ALWAYS_SEARCH_USER_PATHS = NO;
				CLANG_ANALYZER_NONNULL = YES;
				CLANG_ANALYZER_NUMBER_OBJECT_CONVERSION = YES_AGGRESSIVE;
				CLANG_CXX_LANGUAGE_STANDARD = "gnu++20";
				CLANG_ENABLE_MODULES = YES;
				CLANG_ENABLE_OBJC_ARC = YES;
				CLANG_ENABLE_OBJC_WEAK = YES;
				CLANG_WARN_BLOCK_CAPTURE_AUTORELEASING = YES;
				CLANG_WARN_BOOL_CONVERSION = YES;
				CLANG_WARN_COMMA = YES;
				CLANG_WARN_CONSTANT_CONVERSION = YES;
				CLANG_WARN_DEPRECATED_OBJC_IMPLEMENTATIONS = YES;
				CLANG_WARN_DIRECT_OBJC_ISA_USAGE = YES_ERROR;
				CLANG_WARN_DOCUMENTATION_COMMENTS = YES;
				CLANG_WARN_EMPTY_BODY = YES;
				CLANG_WARN_ENUM_CONVERSION = YES;
				CLANG_WARN_INFINITE_RECURSION = YES;
				CLANG_WARN_INT_CONVERSION = YES;
				CLANG_WARN_NON_LITERAL_NULL_CONVERSION = YES;
				CLANG_WARN_OBJC_IMPLICIT_RETAIN_SELF = YES;
				CLANG_WARN_OBJC_LITERAL_CONVERSION = YES;
				CLANG_WARN_OBJC_ROOT_CLASS = YES_ERROR;
				CLANG_WARN_QUOTED_INCLUDE_IN_FRAMEWORK_HEADER = YES;
				CLANG_WARN_RANGE_LOOP_ANALYSIS = YES;
				CLANG_WARN_STRICT_PROTOTYPES = YES;
				CLANG_WARN_SUSPICIOUS_MOVE = YES;
				CLANG_WARN_UNGUARDED_AVAILABILITY = YES_AGGRESSIVE;
				CLANG_WARN_UNREACHABLE_CODE = YES;
				CLANG_WARN__DUPLICATE_METHOD_MATCH = YES;
				COPY_PHASE_STRIP = NO;
				DEBUG_INFORMATION_FORMAT = dwarf;
				ENABLE_STRICT_OBJC_MSGSEND = YES;
				ENABLE_TESTABILITY = YES;
				GCC_C_LANGUAGE_STANDARD = gnu11;
				GCC_DYNAMIC_NO_PIC = NO;
				GCC_NO_COMMON_BLOCKS = YES;
				GCC_OPTIMIZATION_LEVEL = 0;
				GCC_PREPROCESSOR_DEFINITIONS = (
					"DEBUG=1",
					"$(inherited)",
				);
				GCC_WARN_64_TO_32_BIT_CONVERSION = YES;
				GCC_WARN_ABOUT_RETURN_TYPE = YES_ERROR;
				GCC_WARN_UNDECLARED_SELECTOR = YES;
				GCC_WARN_UNINITIALIZED_AUTOS = YES_AGGRESSIVE;
				GCC_WARN_UNUSED_FUNCTION = YES;
				GCC_WARN_UNUSED_VARIABLE = YES;
				IPHONEOS_DEPLOYMENT_TARGET = 16.2;
				MTL_ENABLE_DEBUG_INFO = INCLUDE_SOURCE;
				MTL_FAST_MATH = YES;
				ONLY_ACTIVE_ARCH = YES;
				SDKROOT = iphoneos;
				SWIFT_ACTIVE_COMPILATION_CONDITIONS = DEBUG;
				SWIFT_OPTIMIZATION_LEVEL = "-Onone";
			};
			name = Debug;
		};
		2D3DC5F52C45D865002038FA /* Release */ = {
			isa = XCBuildConfiguration;
			buildSettings = {
				ALWAYS_SEARCH_USER_PATHS = NO;
				CLANG_ANALYZER_NONNULL = YES;
				CLANG_ANALYZER_NUMBER_OBJECT_CONVERSION = YES_AGGRESSIVE;
				CLANG_CXX_LANGUAGE_STANDARD = "gnu++20";
				CLANG_ENABLE_MODULES = YES;
				CLANG_ENABLE_OBJC_ARC = YES;
				CLANG_ENABLE_OBJC_WEAK = YES;
				CLANG_WARN_BLOCK_CAPTURE_AUTORELEASING = YES;
				CLANG_WARN_BOOL_CONVERSION = YES;
				CLANG_WARN_COMMA = YES;
				CLANG_WARN_CONSTANT_CONVERSION = YES;
				CLANG_WARN_DEPRECATED_OBJC_IMPLEMENTATIONS = YES;
				CLANG_WARN_DIRECT_OBJC_ISA_USAGE = YES_ERROR;
				CLANG_WARN_DOCUMENTATION_COMMENTS = YES;
				CLANG_WARN_EMPTY_BODY = YES;
				CLANG_WARN_ENUM_CONVERSION = YES;
				CLANG_WARN_INFINITE_RECURSION = YES;
				CLANG_WARN_INT_CONVERSION = YES;
				CLANG_WARN_NON_LITERAL_NULL_CONVERSION = YES;
				CLANG_WARN_OBJC_IMPLICIT_RETAIN_SELF = YES;
				CLANG_WARN_OBJC_LITERAL_CONVERSION = YES;
				CLANG_WARN_OBJC_ROOT_CLASS = YES_ERROR;
				CLANG_WARN_QUOTED_INCLUDE_IN_FRAMEWORK_HEADER = YES;
				CLANG_WARN_RANGE_LOOP_ANALYSIS = YES;
				CLANG_WARN_STRICT_PROTOTYPES = YES;
				CLANG_WARN_SUSPICIOUS_MOVE = YES;
				CLANG_WARN_UNGUARDED_AVAILABILITY = YES_AGGRESSIVE;
				CLANG_WARN_UNREACHABLE_CODE = YES;
				CLANG_WARN__DUPLICATE_METHOD_MATCH = YES;
				COPY_PHASE_STRIP = NO;
				DEBUG_INFORMATION_FORMAT = "dwarf-with-dsym";
				ENABLE_NS_ASSERTIONS = NO;
				ENABLE_STRICT_OBJC_MSGSEND = YES;
				GCC_C_LANGUAGE_STANDARD = gnu11;
				GCC_NO_COMMON_BLOCKS = YES;
				GCC_WARN_64_TO_32_BIT_CONVERSION = YES;
				GCC_WARN_ABOUT_RETURN_TYPE = YES_ERROR;
				GCC_WARN_UNDECLARED_SELECTOR = YES;
				GCC_WARN_UNINITIALIZED_AUTOS = YES_AGGRESSIVE;
				GCC_WARN_UNUSED_FUNCTION = YES;
				GCC_WARN_UNUSED_VARIABLE = YES;
				IPHONEOS_DEPLOYMENT_TARGET = 16.2;
				MTL_ENABLE_DEBUG_INFO = NO;
				MTL_FAST_MATH = YES;
				SDKROOT = iphoneos;
				SWIFT_COMPILATION_MODE = wholemodule;
				SWIFT_OPTIMIZATION_LEVEL = "-O";
				VALIDATE_PRODUCT = YES;
			};
			name = Release;
		};
		2D3DC5F72C45D865002038FA /* Debug */ = {
			isa = XCBuildConfiguration;
			buildSettings = {
				ASSETCATALOG_COMPILER_APPICON_NAME = AppIcon;
				ASSETCATALOG_COMPILER_GLOBAL_ACCENT_COLOR_NAME = AccentColor;
				CODE_SIGN_STYLE = Automatic;
				CURRENT_PROJECT_VERSION = 1;
				GENERATE_INFOPLIST_FILE = YES;
				INFOPLIST_FILE = weather/Info.plist;
				INFOPLIST_KEY_UIApplicationSupportsIndirectInputEvents = YES;
				INFOPLIST_KEY_UILaunchStoryboardName = LaunchScreen;
				INFOPLIST_KEY_UIMainStoryboardFile = Main;
				INFOPLIST_KEY_UISupportedInterfaceOrientations_iPad = "UIInterfaceOrientationPortrait UIInterfaceOrientationPortraitUpsideDown UIInterfaceOrientationLandscapeLeft UIInterfaceOrientationLandscapeRight";
				INFOPLIST_KEY_UISupportedInterfaceOrientations_iPhone = "UIInterfaceOrientationPortrait UIInterfaceOrientationLandscapeLeft UIInterfaceOrientationLandscapeRight";
				LD_RUNPATH_SEARCH_PATHS = (
					"$(inherited)",
					"@executable_path/Frameworks",
				);
				MARKETING_VERSION = 1.0;
				PRODUCT_BUNDLE_IDENTIFIER = conestogac.ca.weather;
				PRODUCT_NAME = "$(TARGET_NAME)";
				SWIFT_EMIT_LOC_STRINGS = YES;
				SWIFT_VERSION = 5.0;
				TARGETED_DEVICE_FAMILY = "1,2";
			};
			name = Debug;
		};
		2D3DC5F82C45D865002038FA /* Release */ = {
			isa = XCBuildConfiguration;
			buildSettings = {
				ASSETCATALOG_COMPILER_APPICON_NAME = AppIcon;
				ASSETCATALOG_COMPILER_GLOBAL_ACCENT_COLOR_NAME = AccentColor;
				CODE_SIGN_STYLE = Automatic;
				CURRENT_PROJECT_VERSION = 1;
				GENERATE_INFOPLIST_FILE = YES;
				INFOPLIST_FILE = weather/Info.plist;
				INFOPLIST_KEY_UIApplicationSupportsIndirectInputEvents = YES;
				INFOPLIST_KEY_UILaunchStoryboardName = LaunchScreen;
				INFOPLIST_KEY_UIMainStoryboardFile = Main;
				INFOPLIST_KEY_UISupportedInterfaceOrientations_iPad = "UIInterfaceOrientationPortrait UIInterfaceOrientationPortraitUpsideDown UIInterfaceOrientationLandscapeLeft UIInterfaceOrientationLandscapeRight";
				INFOPLIST_KEY_UISupportedInterfaceOrientations_iPhone = "UIInterfaceOrientationPortrait UIInterfaceOrientationLandscapeLeft UIInterfaceOrientationLandscapeRight";
				LD_RUNPATH_SEARCH_PATHS = (
					"$(inherited)",
					"@executable_path/Frameworks",
				);
				MARKETING_VERSION = 1.0;
				PRODUCT_BUNDLE_IDENTIFIER = conestogac.ca.weather;
				PRODUCT_NAME = "$(TARGET_NAME)";
				SWIFT_EMIT_LOC_STRINGS = YES;
				SWIFT_VERSION = 5.0;
				TARGETED_DEVICE_FAMILY = "1,2";
			};
			name = Release;
		};
		2D3DC5FA2C45D865002038FA /* Debug */ = {
			isa = XCBuildConfiguration;
			buildSettings = {
				ALWAYS_EMBED_SWIFT_STANDARD_LIBRARIES = YES;
				BUNDLE_LOADER = "$(TEST_HOST)";
				CODE_SIGN_STYLE = Automatic;
				CURRENT_PROJECT_VERSION = 1;
				GENERATE_INFOPLIST_FILE = YES;
				IPHONEOS_DEPLOYMENT_TARGET = 16.2;
				MARKETING_VERSION = 1.0;
				PRODUCT_BUNDLE_IDENTIFIER = conestogac.ca.weatherTests;
				PRODUCT_NAME = "$(TARGET_NAME)";
				SWIFT_EMIT_LOC_STRINGS = NO;
				SWIFT_VERSION = 5.0;
				TARGETED_DEVICE_FAMILY = "1,2";
				TEST_HOST = "$(BUILT_PRODUCTS_DIR)/weather.app/$(BUNDLE_EXECUTABLE_FOLDER_PATH)/weather";
			};
			name = Debug;
		};
		2D3DC5FB2C45D865002038FA /* Release */ = {
			isa = XCBuildConfiguration;
			buildSettings = {
				ALWAYS_EMBED_SWIFT_STANDARD_LIBRARIES = YES;
				BUNDLE_LOADER = "$(TEST_HOST)";
				CODE_SIGN_STYLE = Automatic;
				CURRENT_PROJECT_VERSION = 1;
				GENERATE_INFOPLIST_FILE = YES;
				IPHONEOS_DEPLOYMENT_TARGET = 16.2;
				MARKETING_VERSION = 1.0;
				PRODUCT_BUNDLE_IDENTIFIER = conestogac.ca.weatherTests;
				PRODUCT_NAME = "$(TARGET_NAME)";
				SWIFT_EMIT_LOC_STRINGS = NO;
				SWIFT_VERSION = 5.0;
				TARGETED_DEVICE_FAMILY = "1,2";
				TEST_HOST = "$(BUILT_PRODUCTS_DIR)/weather.app/$(BUNDLE_EXECUTABLE_FOLDER_PATH)/weather";
			};
			name = Release;
		};
		2D3DC5FD2C45D865002038FA /* Debug */ = {
			isa = XCBuildConfiguration;
			buildSettings = {
				ALWAYS_EMBED_SWIFT_STANDARD_LIBRARIES = YES;
				CODE_SIGN_STYLE = Automatic;
				CURRENT_PROJECT_VERSION = 1;
				GENERATE_INFOPLIST_FILE = YES;
				MARKETING_VERSION = 1.0;
				PRODUCT_BUNDLE_IDENTIFIER = conestogac.ca.weatherUITests;
				PRODUCT_NAME = "$(TARGET_NAME)";
				SWIFT_EMIT_LOC_STRINGS = NO;
				SWIFT_VERSION = 5.0;
				TARGETED_DEVICE_FAMILY = "1,2";
				TEST_TARGET_NAME = weather;
			};
			name = Debug;
		};
		2D3DC5FE2C45D865002038FA /* Release */ = {
			isa = XCBuildConfiguration;
			buildSettings = {
				ALWAYS_EMBED_SWIFT_STANDARD_LIBRARIES = YES;
				CODE_SIGN_STYLE = Automatic;
				CURRENT_PROJECT_VERSION = 1;
				GENERATE_INFOPLIST_FILE = YES;
				MARKETING_VERSION = 1.0;
				PRODUCT_BUNDLE_IDENTIFIER = conestogac.ca.weatherUITests;
				PRODUCT_NAME = "$(TARGET_NAME)";
				SWIFT_EMIT_LOC_STRINGS = NO;
				SWIFT_VERSION = 5.0;
				TARGETED_DEVICE_FAMILY = "1,2";
				TEST_TARGET_NAME = weather;
			};
			name = Release;
		};
/* End XCBuildConfiguration section */

/* Begin XCConfigurationList section */
		2D3DC5C72C45D863002038FA /* Build configuration list for PBXProject "weather" */ = {
			isa = XCConfigurationList;
			buildConfigurations = (
				2D3DC5F42C45D865002038FA /* Debug */,
				2D3DC5F52C45D865002038FA /* Release */,
			);
			defaultConfigurationIsVisible = 0;
			defaultConfigurationName = Release;
		};
		2D3DC5F62C45D865002038FA /* Build configuration list for PBXNativeTarget "weather" */ = {
			isa = XCConfigurationList;
			buildConfigurations = (
				2D3DC5F72C45D865002038FA /* Debug */,
				2D3DC5F82C45D865002038FA /* Release */,
			);
			defaultConfigurationIsVisible = 0;
			defaultConfigurationName = Release;
		};
		2D3DC5F92C45D865002038FA /* Build configuration list for PBXNativeTarget "weatherTests" */ = {
			isa = XCConfigurationList;
			buildConfigurations = (
				2D3DC5FA2C45D865002038FA /* Debug */,
				2D3DC5FB2C45D865002038FA /* Release */,
			);
			defaultConfigurationIsVisible = 0;
			defaultConfigurationName = Release;
		};
		2D3DC5FC2C45D865002038FA /* Build configuration list for PBXNativeTarget "weatherUITests" */ = {
			isa = XCConfigurationList;
			buildConfigurations = (
				2D3DC5FD2C45D865002038FA /* Debug */,
				2D3DC5FE2C45D865002038FA /* Release */,
			);
			defaultConfigurationIsVisible = 0;
			defaultConfigurationName = Release;
		};
/* End XCConfigurationList section */
	};
	rootObject = 2D3DC5C42C45D863002038FA /* Project object */;
}
