// !$*UTF8*$!
{
	archiveVersion = 1;
	classes = {
	};
	objectVersion = 56;
	objects = {

/* Begin PBXBuildFile section */
		2D0D7A282C6FC4CE0011DFC9 /* AppDelegate.swift in Sources */ = {isa = PBXBuildFile; fileRef = 2D0D7A272C6FC4CE0011DFC9 /* AppDelegate.swift */; };
		2D0D7A2A2C6FC4CE0011DFC9 /* SceneDelegate.swift in Sources */ = {isa = PBXBuildFile; fileRef = 2D0D7A292C6FC4CE0011DFC9 /* SceneDelegate.swift */; };
		2D0D7A2C2C6FC4CE0011DFC9 /* ViewController.swift in Sources */ = {isa = PBXBuildFile; fileRef = 2D0D7A2B2C6FC4CE0011DFC9 /* ViewController.swift */; };
		2D0D7A2F2C6FC4CE0011DFC9 /* Main.storyboard in Resources */ = {isa = PBXBuildFile; fileRef = 2D0D7A2D2C6FC4CE0011DFC9 /* Main.storyboard */; };
		2D0D7A322C6FC4CE0011DFC9 /* TravelBuddy_Final_8996799.xcdatamodeld in Sources */ = {isa = PBXBuildFile; fileRef = 2D0D7A302C6FC4CE0011DFC9 /* TravelBuddy_Final_8996799.xcdatamodeld */; };
		2D0D7A342C6FC4D00011DFC9 /* Assets.xcassets in Resources */ = {isa = PBXBuildFile; fileRef = 2D0D7A332C6FC4D00011DFC9 /* Assets.xcassets */; };
		2D0D7A372C6FC4D00011DFC9 /* LaunchScreen.storyboard in Resources */ = {isa = PBXBuildFile; fileRef = 2D0D7A352C6FC4D00011DFC9 /* LaunchScreen.storyboard */; };
		2D0D7A422C6FC4D00011DFC9 /* TravelBuddy_Final_8996799Tests.swift in Sources */ = {isa = PBXBuildFile; fileRef = 2D0D7A412C6FC4D00011DFC9 /* TravelBuddy_Final_8996799Tests.swift */; };
		2D0D7A4C2C6FC4D00011DFC9 /* TravelBuddy_Final_8996799UITests.swift in Sources */ = {isa = PBXBuildFile; fileRef = 2D0D7A4B2C6FC4D00011DFC9 /* TravelBuddy_Final_8996799UITests.swift */; };
		2D0D7A4E2C6FC4D00011DFC9 /* TravelBuddy_Final_8996799UITestsLaunchTests.swift in Sources */ = {isa = PBXBuildFile; fileRef = 2D0D7A4D2C6FC4D00011DFC9 /* TravelBuddy_Final_8996799UITestsLaunchTests.swift */; };
		2D32F2962C71EEC700EB6E0F /* TripTableViewCell.swift in Sources */ = {isa = PBXBuildFile; fileRef = 2D32F2952C71EEC700EB6E0F /* TripTableViewCell.swift */; };
		2D8965C02C71251A00A084D0 /* Add_trip_ViewController.swift in Sources */ = {isa = PBXBuildFile; fileRef = 2D8965BF2C71251A00A084D0 /* Add_trip_ViewController.swift */; };
		2D8965C62C71342700A084D0 /* My_Trip_List_TableViewController.swift in Sources */ = {isa = PBXBuildFile; fileRef = 2D8965C52C71342700A084D0 /* My_Trip_List_TableViewController.swift */; };
		2D8965C82C71369700A084D0 /* TripDetailViewController.swift in Sources */ = {isa = PBXBuildFile; fileRef = 2D8965C72C71369700A084D0 /* TripDetailViewController.swift */; };
		2DACBC232C7154080057CC17 /* UIImageView.swift in Sources */ = {isa = PBXBuildFile; fileRef = 2DACBC222C7154080057CC17 /* UIImageView.swift */; };
		2DACBC252C7154870057CC17 /* TripExpenseViewController.swift in Sources */ = {isa = PBXBuildFile; fileRef = 2DACBC242C7154870057CC17 /* TripExpenseViewController.swift */; };
/* End PBXBuildFile section */

/* Begin PBXContainerItemProxy section */
		2D0D7A3E2C6FC4D00011DFC9 /* PBXContainerItemProxy */ = {
			isa = PBXContainerItemProxy;
			containerPortal = 2D0D7A1C2C6FC4CE0011DFC9 /* Project object */;
			proxyType = 1;
			remoteGlobalIDString = 2D0D7A232C6FC4CE0011DFC9;
			remoteInfo = TravelBuddy_Final_8996799;
		};
		2D0D7A482C6FC4D00011DFC9 /* PBXContainerItemProxy */ = {
			isa = PBXContainerItemProxy;
			containerPortal = 2D0D7A1C2C6FC4CE0011DFC9 /* Project object */;
			proxyType = 1;
			remoteGlobalIDString = 2D0D7A232C6FC4CE0011DFC9;
			remoteInfo = TravelBuddy_Final_8996799;
		};
/* End PBXContainerItemProxy section */

/* Begin PBXFileReference section */
		2D0D7A242C6FC4CE0011DFC9 /* TravelBuddy_Final_8996799.app */ = {isa = PBXFileReference; explicitFileType = wrapper.application; includeInIndex = 0; path = TravelBuddy_Final_8996799.app; sourceTree = BUILT_PRODUCTS_DIR; };
		2D0D7A272C6FC4CE0011DFC9 /* AppDelegate.swift */ = {isa = PBXFileReference; lastKnownFileType = sourcecode.swift; path = AppDelegate.swift; sourceTree = "<group>"; };
		2D0D7A292C6FC4CE0011DFC9 /* SceneDelegate.swift */ = {isa = PBXFileReference; lastKnownFileType = sourcecode.swift; path = SceneDelegate.swift; sourceTree = "<group>"; };
		2D0D7A2B2C6FC4CE0011DFC9 /* ViewController.swift */ = {isa = PBXFileReference; lastKnownFileType = sourcecode.swift; path = ViewController.swift; sourceTree = "<group>"; };
		2D0D7A2E2C6FC4CE0011DFC9 /* Base */ = {isa = PBXFileReference; lastKnownFileType = file.storyboard; name = Base; path = Base.lproj/Main.storyboard; sourceTree = "<group>"; };
		2D0D7A312C6FC4CE0011DFC9 /* TravelBuddy_Final_8996799.xcdatamodel */ = {isa = PBXFileReference; lastKnownFileType = wrapper.xcdatamodel; path = TravelBuddy_Final_8996799.xcdatamodel; sourceTree = "<group>"; };
		2D0D7A332C6FC4D00011DFC9 /* Assets.xcassets */ = {isa = PBXFileReference; lastKnownFileType = folder.assetcatalog; path = Assets.xcassets; sourceTree = "<group>"; };
		2D0D7A362C6FC4D00011DFC9 /* Base */ = {isa = PBXFileReference; lastKnownFileType = file.storyboard; name = Base; path = Base.lproj/LaunchScreen.storyboard; sourceTree = "<group>"; };
		2D0D7A382C6FC4D00011DFC9 /* Info.plist */ = {isa = PBXFileReference; lastKnownFileType = text.plist.xml; path = Info.plist; sourceTree = "<group>"; };
		2D0D7A3D2C6FC4D00011DFC9 /* TravelBuddy_Final_8996799Tests.xctest */ = {isa = PBXFileReference; explicitFileType = wrapper.cfbundle; includeInIndex = 0; path = TravelBuddy_Final_8996799Tests.xctest; sourceTree = BUILT_PRODUCTS_DIR; };
		2D0D7A412C6FC4D00011DFC9 /* TravelBuddy_Final_8996799Tests.swift */ = {isa = PBXFileReference; lastKnownFileType = sourcecode.swift; path = TravelBuddy_Final_8996799Tests.swift; sourceTree = "<group>"; };
		2D0D7A472C6FC4D00011DFC9 /* TravelBuddy_Final_8996799UITests.xctest */ = {isa = PBXFileReference; explicitFileType = wrapper.cfbundle; includeInIndex = 0; path = TravelBuddy_Final_8996799UITests.xctest; sourceTree = BUILT_PRODUCTS_DIR; };
		2D0D7A4B2C6FC4D00011DFC9 /* TravelBuddy_Final_8996799UITests.swift */ = {isa = PBXFileReference; lastKnownFileType = sourcecode.swift; path = TravelBuddy_Final_8996799UITests.swift; sourceTree = "<group>"; };
		2D0D7A4D2C6FC4D00011DFC9 /* TravelBuddy_Final_8996799UITestsLaunchTests.swift */ = {isa = PBXFileReference; lastKnownFileType = sourcecode.swift; path = TravelBuddy_Final_8996799UITestsLaunchTests.swift; sourceTree = "<group>"; };
		2D32F2952C71EEC700EB6E0F /* TripTableViewCell.swift */ = {isa = PBXFileReference; lastKnownFileType = sourcecode.swift; path = TripTableViewCell.swift; sourceTree = "<group>"; };
		2D8965BF2C71251A00A084D0 /* Add_trip_ViewController.swift */ = {isa = PBXFileReference; lastKnownFileType = sourcecode.swift; path = Add_trip_ViewController.swift; sourceTree = "<group>"; };
		2D8965C52C71342700A084D0 /* My_Trip_List_TableViewController.swift */ = {isa = PBXFileReference; lastKnownFileType = sourcecode.swift; path = My_Trip_List_TableViewController.swift; sourceTree = "<group>"; };
		2D8965C72C71369700A084D0 /* TripDetailViewController.swift */ = {isa = PBXFileReference; lastKnownFileType = sourcecode.swift; path = TripDetailViewController.swift; sourceTree = "<group>"; };
		2DACBC222C7154080057CC17 /* UIImageView.swift */ = {isa = PBXFileReference; lastKnownFileType = sourcecode.swift; path = UIImageView.swift; sourceTree = "<group>"; };
		2DACBC242C7154870057CC17 /* TripExpenseViewController.swift */ = {isa = PBXFileReference; lastKnownFileType = sourcecode.swift; path = TripExpenseViewController.swift; sourceTree = "<group>"; };
/* End PBXFileReference section */

/* Begin PBXFrameworksBuildPhase section */
		2D0D7A212C6FC4CE0011DFC9 /* Frameworks */ = {
			isa = PBXFrameworksBuildPhase;
			buildActionMask = 2147483647;
			files = (
			);
			runOnlyForDeploymentPostprocessing = 0;
		};
		2D0D7A3A2C6FC4D00011DFC9 /* Frameworks */ = {
			isa = PBXFrameworksBuildPhase;
			buildActionMask = 2147483647;
			files = (
			);
			runOnlyForDeploymentPostprocessing = 0;
		};
		2D0D7A442C6FC4D00011DFC9 /* Frameworks */ = {
			isa = PBXFrameworksBuildPhase;
			buildActionMask = 2147483647;
			files = (
			);
			runOnlyForDeploymentPostprocessing = 0;
		};
/* End PBXFrameworksBuildPhase section */

/* Begin PBXGroup section */
		2D0D7A1B2C6FC4CE0011DFC9 = {
			isa = PBXGroup;
			children = (
				2D0D7A262C6FC4CE0011DFC9 /* TravelBuddy_Final_8996799 */,
				2D0D7A402C6FC4D00011DFC9 /* TravelBuddy_Final_8996799Tests */,
				2D0D7A4A2C6FC4D00011DFC9 /* TravelBuddy_Final_8996799UITests */,
				2D0D7A252C6FC4CE0011DFC9 /* Products */,
			);
			sourceTree = "<group>";
		};
		2D0D7A252C6FC4CE0011DFC9 /* Products */ = {
			isa = PBXGroup;
			children = (
				2D0D7A242C6FC4CE0011DFC9 /* TravelBuddy_Final_8996799.app */,
				2D0D7A3D2C6FC4D00011DFC9 /* TravelBuddy_Final_8996799Tests.xctest */,
				2D0D7A472C6FC4D00011DFC9 /* TravelBuddy_Final_8996799UITests.xctest */,
			);
			name = Products;
			sourceTree = "<group>";
		};
		2D0D7A262C6FC4CE0011DFC9 /* TravelBuddy_Final_8996799 */ = {
			isa = PBXGroup;
			children = (
				2D0D7A272C6FC4CE0011DFC9 /* AppDelegate.swift */,
				2D0D7A292C6FC4CE0011DFC9 /* SceneDelegate.swift */,
				2D0D7A2B2C6FC4CE0011DFC9 /* ViewController.swift */,
				2D0D7A2D2C6FC4CE0011DFC9 /* Main.storyboard */,
				2DACBC242C7154870057CC17 /* TripExpenseViewController.swift */,
				2D8965C72C71369700A084D0 /* TripDetailViewController.swift */,
				2D8965C52C71342700A084D0 /* My_Trip_List_TableViewController.swift */,
				2D8965BF2C71251A00A084D0 /* Add_trip_ViewController.swift */,
				2D0D7A332C6FC4D00011DFC9 /* Assets.xcassets */,
				2D0D7A352C6FC4D00011DFC9 /* LaunchScreen.storyboard */,
				2D0D7A382C6FC4D00011DFC9 /* Info.plist */,
				2D0D7A302C6FC4CE0011DFC9 /* TravelBuddy_Final_8996799.xcdatamodeld */,
				2DACBC222C7154080057CC17 /* UIImageView.swift */,
				2D32F2952C71EEC700EB6E0F /* TripTableViewCell.swift */,
			);
			path = TravelBuddy_Final_8996799;
			sourceTree = "<group>";
		};
		2D0D7A402C6FC4D00011DFC9 /* TravelBuddy_Final_8996799Tests */ = {
			isa = PBXGroup;
			children = (
				2D0D7A412C6FC4D00011DFC9 /* TravelBuddy_Final_8996799Tests.swift */,
			);
			path = TravelBuddy_Final_8996799Tests;
			sourceTree = "<group>";
		};
		2D0D7A4A2C6FC4D00011DFC9 /* TravelBuddy_Final_8996799UITests */ = {
			isa = PBXGroup;
			children = (
				2D0D7A4B2C6FC4D00011DFC9 /* TravelBuddy_Final_8996799UITests.swift */,
				2D0D7A4D2C6FC4D00011DFC9 /* TravelBuddy_Final_8996799UITestsLaunchTests.swift */,
			);
			path = TravelBuddy_Final_8996799UITests;
			sourceTree = "<group>";
		};
/* End PBXGroup section */

/* Begin PBXNativeTarget section */
		2D0D7A232C6FC4CE0011DFC9 /* TravelBuddy_Final_8996799 */ = {
			isa = PBXNativeTarget;
			buildConfigurationList = 2D0D7A512C6FC4D00011DFC9 /* Build configuration list for PBXNativeTarget "TravelBuddy_Final_8996799" */;
			buildPhases = (
				2D0D7A202C6FC4CE0011DFC9 /* Sources */,
				2D0D7A212C6FC4CE0011DFC9 /* Frameworks */,
				2D0D7A222C6FC4CE0011DFC9 /* Resources */,
			);
			buildRules = (
			);
			dependencies = (
			);
			name = TravelBuddy_Final_8996799;
			productName = TravelBuddy_Final_8996799;
			productReference = 2D0D7A242C6FC4CE0011DFC9 /* TravelBuddy_Final_8996799.app */;
			productType = "com.apple.product-type.application";
		};
		2D0D7A3C2C6FC4D00011DFC9 /* TravelBuddy_Final_8996799Tests */ = {
			isa = PBXNativeTarget;
			buildConfigurationList = 2D0D7A542C6FC4D00011DFC9 /* Build configuration list for PBXNativeTarget "TravelBuddy_Final_8996799Tests" */;
			buildPhases = (
				2D0D7A392C6FC4D00011DFC9 /* Sources */,
				2D0D7A3A2C6FC4D00011DFC9 /* Frameworks */,
				2D0D7A3B2C6FC4D00011DFC9 /* Resources */,
			);
			buildRules = (
			);
			dependencies = (
				2D0D7A3F2C6FC4D00011DFC9 /* PBXTargetDependency */,
			);
			name = TravelBuddy_Final_8996799Tests;
			productName = TravelBuddy_Final_8996799Tests;
			productReference = 2D0D7A3D2C6FC4D00011DFC9 /* TravelBuddy_Final_8996799Tests.xctest */;
			productType = "com.apple.product-type.bundle.unit-test";
		};
		2D0D7A462C6FC4D00011DFC9 /* TravelBuddy_Final_8996799UITests */ = {
			isa = PBXNativeTarget;
			buildConfigurationList = 2D0D7A572C6FC4D00011DFC9 /* Build configuration list for PBXNativeTarget "TravelBuddy_Final_8996799UITests" */;
			buildPhases = (
				2D0D7A432C6FC4D00011DFC9 /* Sources */,
				2D0D7A442C6FC4D00011DFC9 /* Frameworks */,
				2D0D7A452C6FC4D00011DFC9 /* Resources */,
			);
			buildRules = (
			);
			dependencies = (
				2D0D7A492C6FC4D00011DFC9 /* PBXTargetDependency */,
			);
			name = TravelBuddy_Final_8996799UITests;
			productName = TravelBuddy_Final_8996799UITests;
			productReference = 2D0D7A472C6FC4D00011DFC9 /* TravelBuddy_Final_8996799UITests.xctest */;
			productType = "com.apple.product-type.bundle.ui-testing";
		};
/* End PBXNativeTarget section */

/* Begin PBXProject section */
		2D0D7A1C2C6FC4CE0011DFC9 /* Project object */ = {
			isa = PBXProject;
			attributes = {
				BuildIndependentTargetsInParallel = 1;
				LastSwiftUpdateCheck = 1420;
				LastUpgradeCheck = 1420;
				TargetAttributes = {
					2D0D7A232C6FC4CE0011DFC9 = {
						CreatedOnToolsVersion = 14.2;
					};
					2D0D7A3C2C6FC4D00011DFC9 = {
						CreatedOnToolsVersion = 14.2;
						TestTargetID = 2D0D7A232C6FC4CE0011DFC9;
					};
					2D0D7A462C6FC4D00011DFC9 = {
						CreatedOnToolsVersion = 14.2;
						TestTargetID = 2D0D7A232C6FC4CE0011DFC9;
					};
				};
			};
			buildConfigurationList = 2D0D7A1F2C6FC4CE0011DFC9 /* Build configuration list for PBXProject "TravelBuddy_Final_8996799" */;
			compatibilityVersion = "Xcode 14.0";
			developmentRegion = en;
			hasScannedForEncodings = 0;
			knownRegions = (
				en,
				Base,
			);
			mainGroup = 2D0D7A1B2C6FC4CE0011DFC9;
			productRefGroup = 2D0D7A252C6FC4CE0011DFC9 /* Products */;
			projectDirPath = "";
			projectRoot = "";
			targets = (
				2D0D7A232C6FC4CE0011DFC9 /* TravelBuddy_Final_8996799 */,
				2D0D7A3C2C6FC4D00011DFC9 /* TravelBuddy_Final_8996799Tests */,
				2D0D7A462C6FC4D00011DFC9 /* TravelBuddy_Final_8996799UITests */,
			);
		};
/* End PBXProject section */

/* Begin PBXResourcesBuildPhase section */
		2D0D7A222C6FC4CE0011DFC9 /* Resources */ = {
			isa = PBXResourcesBuildPhase;
			buildActionMask = 2147483647;
			files = (
				2D0D7A372C6FC4D00011DFC9 /* LaunchScreen.storyboard in Resources */,
				2D0D7A342C6FC4D00011DFC9 /* Assets.xcassets in Resources */,
				2D0D7A2F2C6FC4CE0011DFC9 /* Main.storyboard in Resources */,
			);
			runOnlyForDeploymentPostprocessing = 0;
		};
		2D0D7A3B2C6FC4D00011DFC9 /* Resources */ = {
			isa = PBXResourcesBuildPhase;
			buildActionMask = 2147483647;
			files = (
			);
			runOnlyForDeploymentPostprocessing = 0;
		};
		2D0D7A452C6FC4D00011DFC9 /* Resources */ = {
			isa = PBXResourcesBuildPhase;
			buildActionMask = 2147483647;
			files = (
			);
			runOnlyForDeploymentPostprocessing = 0;
		};
/* End PBXResourcesBuildPhase section */

/* Begin PBXSourcesBuildPhase section */
		2D0D7A202C6FC4CE0011DFC9 /* Sources */ = {
			isa = PBXSourcesBuildPhase;
			buildActionMask = 2147483647;
			files = (
				2DACBC232C7154080057CC17 /* UIImageView.swift in Sources */,
				2D8965C62C71342700A084D0 /* My_Trip_List_TableViewController.swift in Sources */,
				2D8965C82C71369700A084D0 /* TripDetailViewController.swift in Sources */,
				2D0D7A2C2C6FC4CE0011DFC9 /* ViewController.swift in Sources */,
				2D32F2962C71EEC700EB6E0F /* TripTableViewCell.swift in Sources */,
				2D0D7A322C6FC4CE0011DFC9 /* TravelBuddy_Final_8996799.xcdatamodeld in Sources */,
				2D0D7A282C6FC4CE0011DFC9 /* AppDelegate.swift in Sources */,
				2D8965C02C71251A00A084D0 /* Add_trip_ViewController.swift in Sources */,
				2D0D7A2A2C6FC4CE0011DFC9 /* SceneDelegate.swift in Sources */,
				2DACBC252C7154870057CC17 /* TripExpenseViewController.swift in Sources */,
			);
			runOnlyForDeploymentPostprocessing = 0;
		};
		2D0D7A392C6FC4D00011DFC9 /* Sources */ = {
			isa = PBXSourcesBuildPhase;
			buildActionMask = 2147483647;
			files = (
				2D0D7A422C6FC4D00011DFC9 /* TravelBuddy_Final_8996799Tests.swift in Sources */,
			);
			runOnlyForDeploymentPostprocessing = 0;
		};
		2D0D7A432C6FC4D00011DFC9 /* Sources */ = {
			isa = PBXSourcesBuildPhase;
			buildActionMask = 2147483647;
			files = (
				2D0D7A4E2C6FC4D00011DFC9 /* TravelBuddy_Final_8996799UITestsLaunchTests.swift in Sources */,
				2D0D7A4C2C6FC4D00011DFC9 /* TravelBuddy_Final_8996799UITests.swift in Sources */,
			);
			runOnlyForDeploymentPostprocessing = 0;
		};
/* End PBXSourcesBuildPhase section */

/* Begin PBXTargetDependency section */
		2D0D7A3F2C6FC4D00011DFC9 /* PBXTargetDependency */ = {
			isa = PBXTargetDependency;
			target = 2D0D7A232C6FC4CE0011DFC9 /* TravelBuddy_Final_8996799 */;
			targetProxy = 2D0D7A3E2C6FC4D00011DFC9 /* PBXContainerItemProxy */;
		};
		2D0D7A492C6FC4D00011DFC9 /* PBXTargetDependency */ = {
			isa = PBXTargetDependency;
			target = 2D0D7A232C6FC4CE0011DFC9 /* TravelBuddy_Final_8996799 */;
			targetProxy = 2D0D7A482C6FC4D00011DFC9 /* PBXContainerItemProxy */;
		};
/* End PBXTargetDependency section */

/* Begin PBXVariantGroup section */
		2D0D7A2D2C6FC4CE0011DFC9 /* Main.storyboard */ = {
			isa = PBXVariantGroup;
			children = (
				2D0D7A2E2C6FC4CE0011DFC9 /* Base */,
			);
			name = Main.storyboard;
			sourceTree = "<group>";
		};
		2D0D7A352C6FC4D00011DFC9 /* LaunchScreen.storyboard */ = {
			isa = PBXVariantGroup;
			children = (
				2D0D7A362C6FC4D00011DFC9 /* Base */,
			);
			name = LaunchScreen.storyboard;
			sourceTree = "<group>";
		};
/* End PBXVariantGroup section */

/* Begin XCBuildConfiguration section */
		2D0D7A4F2C6FC4D00011DFC9 /* Debug */ = {
			isa = XCBuildConfiguration;
			buildSettings = {
				ALWAYS_SEARCH_USER_PATHS = NO;
				CLANG_ANALYZER_NONNULL = YES;
				CLANG_ANALYZER_NUMBER_OBJECT_CONVERSION = YES_AGGRESSIVE;
				CLANG_CXX_LANGUAGE_STANDARD = "gnu++20";
				CLANG_ENABLE_MODULES = YES;
				CLANG_ENABLE_OBJC_ARC = YES;
				CLANG_ENABLE_OBJC_WEAK = YES;
				CLANG_WARN_BLOCK_CAPTURE_AUTORELEASING = YES;
				CLANG_WARN_BOOL_CONVERSION = YES;
				CLANG_WARN_COMMA = YES;
				CLANG_WARN_CONSTANT_CONVERSION = YES;
				CLANG_WARN_DEPRECATED_OBJC_IMPLEMENTATIONS = YES;
				CLANG_WARN_DIRECT_OBJC_ISA_USAGE = YES_ERROR;
				CLANG_WARN_DOCUMENTATION_COMMENTS = YES;
				CLANG_WARN_EMPTY_BODY = YES;
				CLANG_WARN_ENUM_CONVERSION = YES;
				CLANG_WARN_INFINITE_RECURSION = YES;
				CLANG_WARN_INT_CONVERSION = YES;
				CLANG_WARN_NON_LITERAL_NULL_CONVERSION = YES;
				CLANG_WARN_OBJC_IMPLICIT_RETAIN_SELF = YES;
				CLANG_WARN_OBJC_LITERAL_CONVERSION = YES;
				CLANG_WARN_OBJC_ROOT_CLASS = YES_ERROR;
				CLANG_WARN_QUOTED_INCLUDE_IN_FRAMEWORK_HEADER = YES;
				CLANG_WARN_RANGE_LOOP_ANALYSIS = YES;
				CLANG_WARN_STRICT_PROTOTYPES = YES;
				CLANG_WARN_SUSPICIOUS_MOVE = YES;
				CLANG_WARN_UNGUARDED_AVAILABILITY = YES_AGGRESSIVE;
				CLANG_WARN_UNREACHABLE_CODE = YES;
				CLANG_WARN__DUPLICATE_METHOD_MATCH = YES;
				COPY_PHASE_STRIP = NO;
				DEBUG_INFORMATION_FORMAT = dwarf;
				ENABLE_STRICT_OBJC_MSGSEND = YES;
				ENABLE_TESTABILITY = YES;
				GCC_C_LANGUAGE_STANDARD = gnu11;
				GCC_DYNAMIC_NO_PIC = NO;
				GCC_NO_COMMON_BLOCKS = YES;
				GCC_OPTIMIZATION_LEVEL = 0;
				GCC_PREPROCESSOR_DEFINITIONS = (
					"DEBUG=1",
					"$(inherited)",
				);
				GCC_WARN_64_TO_32_BIT_CONVERSION = YES;
				GCC_WARN_ABOUT_RETURN_TYPE = YES_ERROR;
				GCC_WARN_UNDECLARED_SELECTOR = YES;
				GCC_WARN_UNINITIALIZED_AUTOS = YES_AGGRESSIVE;
				GCC_WARN_UNUSED_FUNCTION = YES;
				GCC_WARN_UNUSED_VARIABLE = YES;
				IPHONEOS_DEPLOYMENT_TARGET = 16.2;
				MTL_ENABLE_DEBUG_INFO = INCLUDE_SOURCE;
				MTL_FAST_MATH = YES;
				ONLY_ACTIVE_ARCH = YES;
				SDKROOT = iphoneos;
				SWIFT_ACTIVE_COMPILATION_CONDITIONS = DEBUG;
				SWIFT_OPTIMIZATION_LEVEL = "-Onone";
			};
			name = Debug;
		};
		2D0D7A502C6FC4D00011DFC9 /* Release */ = {
			isa = XCBuildConfiguration;
			buildSettings = {
				ALWAYS_SEARCH_USER_PATHS = NO;
				CLANG_ANALYZER_NONNULL = YES;
				CLANG_ANALYZER_NUMBER_OBJECT_CONVERSION = YES_AGGRESSIVE;
				CLANG_CXX_LANGUAGE_STANDARD = "gnu++20";
				CLANG_ENABLE_MODULES = YES;
				CLANG_ENABLE_OBJC_ARC = YES;
				CLANG_ENABLE_OBJC_WEAK = YES;
				CLANG_WARN_BLOCK_CAPTURE_AUTORELEASING = YES;
				CLANG_WARN_BOOL_CONVERSION = YES;
				CLANG_WARN_COMMA = YES;
				CLANG_WARN_CONSTANT_CONVERSION = YES;
				CLANG_WARN_DEPRECATED_OBJC_IMPLEMENTATIONS = YES;
				CLANG_WARN_DIRECT_OBJC_ISA_USAGE = YES_ERROR;
				CLANG_WARN_DOCUMENTATION_COMMENTS = YES;
				CLANG_WARN_EMPTY_BODY = YES;
				CLANG_WARN_ENUM_CONVERSION = YES;
				CLANG_WARN_INFINITE_RECURSION = YES;
				CLANG_WARN_INT_CONVERSION = YES;
				CLANG_WARN_NON_LITERAL_NULL_CONVERSION = YES;
				CLANG_WARN_OBJC_IMPLICIT_RETAIN_SELF = YES;
				CLANG_WARN_OBJC_LITERAL_CONVERSION = YES;
				CLANG_WARN_OBJC_ROOT_CLASS = YES_ERROR;
				CLANG_WARN_QUOTED_INCLUDE_IN_FRAMEWORK_HEADER = YES;
				CLANG_WARN_RANGE_LOOP_ANALYSIS = YES;
				CLANG_WARN_STRICT_PROTOTYPES = YES;
				CLANG_WARN_SUSPICIOUS_MOVE = YES;
				CLANG_WARN_UNGUARDED_AVAILABILITY = YES_AGGRESSIVE;
				CLANG_WARN_UNREACHABLE_CODE = YES;
				CLANG_WARN__DUPLICATE_METHOD_MATCH = YES;
				COPY_PHASE_STRIP = NO;
				DEBUG_INFORMATION_FORMAT = "dwarf-with-dsym";
				ENABLE_NS_ASSERTIONS = NO;
				ENABLE_STRICT_OBJC_MSGSEND = YES;
				GCC_C_LANGUAGE_STANDARD = gnu11;
				GCC_NO_COMMON_BLOCKS = YES;
				GCC_WARN_64_TO_32_BIT_CONVERSION = YES;
				GCC_WARN_ABOUT_RETURN_TYPE = YES_ERROR;
				GCC_WARN_UNDECLARED_SELECTOR = YES;
				GCC_WARN_UNINITIALIZED_AUTOS = YES_AGGRESSIVE;
				GCC_WARN_UNUSED_FUNCTION = YES;
				GCC_WARN_UNUSED_VARIABLE = YES;
				IPHONEOS_DEPLOYMENT_TARGET = 16.2;
				MTL_ENABLE_DEBUG_INFO = NO;
				MTL_FAST_MATH = YES;
				SDKROOT = iphoneos;
				SWIFT_COMPILATION_MODE = wholemodule;
				SWIFT_OPTIMIZATION_LEVEL = "-O";
				VALIDATE_PRODUCT = YES;
			};
			name = Release;
		};
		2D0D7A522C6FC4D00011DFC9 /* Debug */ = {
			isa = XCBuildConfiguration;
			buildSettings = {
				ASSETCATALOG_COMPILER_APPICON_NAME = AppIcon;
				ASSETCATALOG_COMPILER_GLOBAL_ACCENT_COLOR_NAME = AccentColor;
				CODE_SIGN_STYLE = Automatic;
				CURRENT_PROJECT_VERSION = 1;
				GENERATE_INFOPLIST_FILE = YES;
				INFOPLIST_FILE = TravelBuddy_Final_8996799/Info.plist;
				INFOPLIST_KEY_UIApplicationSupportsIndirectInputEvents = YES;
				INFOPLIST_KEY_UILaunchStoryboardName = LaunchScreen;
				INFOPLIST_KEY_UIMainStoryboardFile = Main;
				INFOPLIST_KEY_UISupportedInterfaceOrientations_iPad = "UIInterfaceOrientationPortrait UIInterfaceOrientationPortraitUpsideDown UIInterfaceOrientationLandscapeLeft UIInterfaceOrientationLandscapeRight";
				INFOPLIST_KEY_UISupportedInterfaceOrientations_iPhone = "UIInterfaceOrientationPortrait UIInterfaceOrientationLandscapeLeft UIInterfaceOrientationLandscapeRight";
				LD_RUNPATH_SEARCH_PATHS = (
					"$(inherited)",
					"@executable_path/Frameworks",
				);
				MARKETING_VERSION = 1.0;
				PRODUCT_BUNDLE_IDENTIFIER = "conestogac.ca.TravelBuddy-Final-8996799";
				PRODUCT_NAME = "$(TARGET_NAME)";
				SWIFT_EMIT_LOC_STRINGS = YES;
				SWIFT_VERSION = 5.0;
				TARGETED_DEVICE_FAMILY = "1,2";
			};
			name = Debug;
		};
		2D0D7A532C6FC4D00011DFC9 /* Release */ = {
			isa = XCBuildConfiguration;
			buildSettings = {
				ASSETCATALOG_COMPILER_APPICON_NAME = AppIcon;
				ASSETCATALOG_COMPILER_GLOBAL_ACCENT_COLOR_NAME = AccentColor;
				CODE_SIGN_STYLE = Automatic;
				CURRENT_PROJECT_VERSION = 1;
				GENERATE_INFOPLIST_FILE = YES;
				INFOPLIST_FILE = TravelBuddy_Final_8996799/Info.plist;
				INFOPLIST_KEY_UIApplicationSupportsIndirectInputEvents = YES;
				INFOPLIST_KEY_UILaunchStoryboardName = LaunchScreen;
				INFOPLIST_KEY_UIMainStoryboardFile = Main;
				INFOPLIST_KEY_UISupportedInterfaceOrientations_iPad = "UIInterfaceOrientationPortrait UIInterfaceOrientationPortraitUpsideDown UIInterfaceOrientationLandscapeLeft UIInterfaceOrientationLandscapeRight";
				INFOPLIST_KEY_UISupportedInterfaceOrientations_iPhone = "UIInterfaceOrientationPortrait UIInterfaceOrientationLandscapeLeft UIInterfaceOrientationLandscapeRight";
				LD_RUNPATH_SEARCH_PATHS = (
					"$(inherited)",
					"@executable_path/Frameworks",
				);
				MARKETING_VERSION = 1.0;
				PRODUCT_BUNDLE_IDENTIFIER = "conestogac.ca.TravelBuddy-Final-8996799";
				PRODUCT_NAME = "$(TARGET_NAME)";
				SWIFT_EMIT_LOC_STRINGS = YES;
				SWIFT_VERSION = 5.0;
				TARGETED_DEVICE_FAMILY = "1,2";
			};
			name = Release;
		};
		2D0D7A552C6FC4D00011DFC9 /* Debug */ = {
			isa = XCBuildConfiguration;
			buildSettings = {
				ALWAYS_EMBED_SWIFT_STANDARD_LIBRARIES = YES;
				BUNDLE_LOADER = "$(TEST_HOST)";
				CODE_SIGN_STYLE = Automatic;
				CURRENT_PROJECT_VERSION = 1;
				GENERATE_INFOPLIST_FILE = YES;
				IPHONEOS_DEPLOYMENT_TARGET = 16.2;
				MARKETING_VERSION = 1.0;
				PRODUCT_BUNDLE_IDENTIFIER = "conestogac.ca.TravelBuddy-Final-8996799Tests";
				PRODUCT_NAME = "$(TARGET_NAME)";
				SWIFT_EMIT_LOC_STRINGS = NO;
				SWIFT_VERSION = 5.0;
				TARGETED_DEVICE_FAMILY = "1,2";
				TEST_HOST = "$(BUILT_PRODUCTS_DIR)/TravelBuddy_Final_8996799.app/$(BUNDLE_EXECUTABLE_FOLDER_PATH)/TravelBuddy_Final_8996799";
			};
			name = Debug;
		};
		2D0D7A562C6FC4D00011DFC9 /* Release */ = {
			isa = XCBuildConfiguration;
			buildSettings = {
				ALWAYS_EMBED_SWIFT_STANDARD_LIBRARIES = YES;
				BUNDLE_LOADER = "$(TEST_HOST)";
				CODE_SIGN_STYLE = Automatic;
				CURRENT_PROJECT_VERSION = 1;
				GENERATE_INFOPLIST_FILE = YES;
				IPHONEOS_DEPLOYMENT_TARGET = 16.2;
				MARKETING_VERSION = 1.0;
				PRODUCT_BUNDLE_IDENTIFIER = "conestogac.ca.TravelBuddy-Final-8996799Tests";
				PRODUCT_NAME = "$(TARGET_NAME)";
				SWIFT_EMIT_LOC_STRINGS = NO;
				SWIFT_VERSION = 5.0;
				TARGETED_DEVICE_FAMILY = "1,2";
				TEST_HOST = "$(BUILT_PRODUCTS_DIR)/TravelBuddy_Final_8996799.app/$(BUNDLE_EXECUTABLE_FOLDER_PATH)/TravelBuddy_Final_8996799";
			};
			name = Release;
		};
		2D0D7A582C6FC4D00011DFC9 /* Debug */ = {
			isa = XCBuildConfiguration;
			buildSettings = {
				ALWAYS_EMBED_SWIFT_STANDARD_LIBRARIES = YES;
				CODE_SIGN_STYLE = Automatic;
				CURRENT_PROJECT_VERSION = 1;
				GENERATE_INFOPLIST_FILE = YES;
				MARKETING_VERSION = 1.0;
				PRODUCT_BUNDLE_IDENTIFIER = "conestogac.ca.TravelBuddy-Final-8996799UITests";
				PRODUCT_NAME = "$(TARGET_NAME)";
				SWIFT_EMIT_LOC_STRINGS = NO;
				SWIFT_VERSION = 5.0;
				TARGETED_DEVICE_FAMILY = "1,2";
				TEST_TARGET_NAME = TravelBuddy_Final_8996799;
			};
			name = Debug;
		};
		2D0D7A592C6FC4D00011DFC9 /* Release */ = {
			isa = XCBuildConfiguration;
			buildSettings = {
				ALWAYS_EMBED_SWIFT_STANDARD_LIBRARIES = YES;
				CODE_SIGN_STYLE = Automatic;
				CURRENT_PROJECT_VERSION = 1;
				GENERATE_INFOPLIST_FILE = YES;
				MARKETING_VERSION = 1.0;
				PRODUCT_BUNDLE_IDENTIFIER = "conestogac.ca.TravelBuddy-Final-8996799UITests";
				PRODUCT_NAME = "$(TARGET_NAME)";
				SWIFT_EMIT_LOC_STRINGS = NO;
				SWIFT_VERSION = 5.0;
				TARGETED_DEVICE_FAMILY = "1,2";
				TEST_TARGET_NAME = TravelBuddy_Final_8996799;
			};
			name = Release;
		};
/* End XCBuildConfiguration section */

/* Begin XCConfigurationList section */
		2D0D7A1F2C6FC4CE0011DFC9 /* Build configuration list for PBXProject "TravelBuddy_Final_8996799" */ = {
			isa = XCConfigurationList;
			buildConfigurations = (
				2D0D7A4F2C6FC4D00011DFC9 /* Debug */,
				2D0D7A502C6FC4D00011DFC9 /* Release */,
			);
			defaultConfigurationIsVisible = 0;
			defaultConfigurationName = Release;
		};
		2D0D7A512C6FC4D00011DFC9 /* Build configuration list for PBXNativeTarget "TravelBuddy_Final_8996799" */ = {
			isa = XCConfigurationList;
			buildConfigurations = (
				2D0D7A522C6FC4D00011DFC9 /* Debug */,
				2D0D7A532C6FC4D00011DFC9 /* Release */,
			);
			defaultConfigurationIsVisible = 0;
			defaultConfigurationName = Release;
		};
		2D0D7A542C6FC4D00011DFC9 /* Build configuration list for PBXNativeTarget "TravelBuddy_Final_8996799Tests" */ = {
			isa = XCConfigurationList;
			buildConfigurations = (
				2D0D7A552C6FC4D00011DFC9 /* Debug */,
				2D0D7A562C6FC4D00011DFC9 /* Release */,
			);
			defaultConfigurationIsVisible = 0;
			defaultConfigurationName = Release;
		};
		2D0D7A572C6FC4D00011DFC9 /* Build configuration list for PBXNativeTarget "TravelBuddy_Final_8996799UITests" */ = {
			isa = XCConfigurationList;
			buildConfigurations = (
				2D0D7A582C6FC4D00011DFC9 /* Debug */,
				2D0D7A592C6FC4D00011DFC9 /* Release */,
			);
			defaultConfigurationIsVisible = 0;
			defaultConfigurationName = Release;
		};
/* End XCConfigurationList section */

/* Begin XCVersionGroup section */
		2D0D7A302C6FC4CE0011DFC9 /* TravelBuddy_Final_8996799.xcdatamodeld */ = {
			isa = XCVersionGroup;
			children = (
				2D0D7A312C6FC4CE0011DFC9 /* TravelBuddy_Final_8996799.xcdatamodel */,
			);
			currentVersion = 2D0D7A312C6FC4CE0011DFC9 /* TravelBuddy_Final_8996799.xcdatamodel */;
			path = TravelBuddy_Final_8996799.xcdatamodeld;
			sourceTree = "<group>";
			versionGroupType = wrapper.xcdatamodel;
		};
/* End XCVersionGroup section */
	};
	rootObject = 2D0D7A1C2C6FC4CE0011DFC9 /* Project object */;
}
